# This file was autogenerated by Stack.
# You should not edit this file by hand.
# For more information, please see the documentation at:
#   https://docs.haskellstack.org/en/stable/lock_files

packages: []
snapshots:
- completed:
    size: 491163
    url: https://raw.githubusercontent.com/commercialhaskell/stackage-snapshots/master/lts/15/4.yaml
    sha256: bc60043a06b58902b533baa80fb566c0ec495c41e428bc0f8c1e8c15b2a4c468
  original: lts-15.4
