# This file was autogenerated by Stack.
# You should not edit this file by hand.
# For more information, please see the documentation at:
#   https://docs.haskellstack.org/en/stable/lock_files

packages: []
snapshots:
- completed:
    size: 588043
    url: https://raw.githubusercontent.com/commercialhaskell/stackage-snapshots/master/nightly/2022/5/20.yaml
    sha256: 7800e52de866bab899c118558f3a48e455f9f57fb3b3595e0002018fbea5ee58
  original: nightly-2022-05-20
